
Microsoft Visual Studio Solution File, Format Version 12.00
# Visual Studio 15
VisualStudioVersion = 15.0.28307.1145
MinimumVisualStudioVersion = 10.0.40219.1
Project("{FAE04EC0-301F-11D3-BF4B-00C04F79EFBC}") = "HoroscopeMVC.Web", "HoroscopeMVC.Web\HoroscopeMVC.Web.csproj", "{8A031380-DE16-4283-A6C9-9C82123DB680}"
EndProject
Global
	GlobalSection(SolutionConfigurationPlatforms) = preSolution
		Debug|Any CPU = Debug|Any CPU
		Release|Any CPU = Release|Any CPU
	EndGlobalSection
	GlobalSection(ProjectConfigurationPlatforms) = postSolution
		{8A031380-DE16-4283-A6C9-9C82123DB680}.Debug|Any CPU.ActiveCfg = Debug|Any CPU
		{8A031380-DE16-4283-A6C9-9C82123DB680}.Debug|Any CPU.Build.0 = Debug|Any CPU
		{8A031380-DE16-4283-A6C9-9C82123DB680}.Release|Any CPU.ActiveCfg = Release|Any CPU
		{8A031380-DE16-4283-A6C9-9C82123DB680}.Release|Any CPU.Build.0 = Release|Any CPU
	EndGlobalSection
	GlobalSection(SolutionProperties) = preSolution
		HideSolutionNode = FALSE
	EndGlobalSection
	GlobalSection(ExtensibilityGlobals) = postSolution
		SolutionGuid = {C19808E0-B03F-4F5F-9618-BBC88B3C497D}
	EndGlobalSection
EndGlobal
